
Microsoft Visual Studio Solution File, Format Version 12.00
# Visual Studio Version 17
VisualStudioVersion = 17.2.32526.322
MinimumVisualStudioVersion = 10.0.40219.1
Project("{FAE04EC0-301F-11D3-BF4B-00C04F79EFBC}") = "AwesomeApp", "AwesomeApp\AwesomeApp.csproj", "{14801885-FD59-44EF-8609-BE1A51B79084}"
EndProject
Global
	GlobalSection(SolutionConfigurationPlatforms) = preSolution
		Debug|Any CPU = Debug|Any CPU
		Release|Any CPU = Release|Any CPU
	EndGlobalSection
	GlobalSection(ProjectConfigurationPlatforms) = postSolution
		{14801885-FD59-44EF-8609-BE1A51B79084}.Debug|Any CPU.ActiveCfg = Debug|Any CPU
		{14801885-FD59-44EF-8609-BE1A51B79084}.Debug|Any CPU.Build.0 = Debug|Any CPU
		{14801885-FD59-44EF-8609-BE1A51B79084}.Release|Any CPU.ActiveCfg = Release|Any CPU
		{14801885-FD59-44EF-8609-BE1A51B79084}.Release|Any CPU.Build.0 = Release|Any CPU
	EndGlobalSection
	GlobalSection(SolutionProperties) = preSolution
		HideSolutionNode = FALSE
	EndGlobalSection
	GlobalSection(ExtensibilityGlobals) = postSolution
		SolutionGuid = {B62D97FE-75E7-4197-A4C2-690EA5C43B8D}
	EndGlobalSection
EndGlobal
